
Microsoft Visual Studio Solution File, Format Version 12.00
# Visual Studio 2013
VisualStudioVersion = 12.0.31101.0
MinimumVisualStudioVersion = 10.0.40219.1
Project("{FAE04EC0-301F-11D3-BF4B-00C04F79EFBC}") = "POS", "POS\POS.csproj", "{CFA56CDC-996C-4B78-9862-827689FD0986}"
EndProject
Project("{FAE04EC0-301F-11D3-BF4B-00C04F79EFBC}") = "POSTest", "POSTest\POSTest.csproj", "{AB5C3502-D514-4695-9608-E24D206D23E7}"
EndProject
Project("{FAE04EC0-301F-11D3-BF4B-00C04F79EFBC}") = "POSLibrary", "POSLibrary\POSLibrary.csproj", "{BC366075-4DE4-447A-9524-E2806D4616DD}"
EndProject
Global
	GlobalSection(SolutionConfigurationPlatforms) = preSolution
		Debug|Any CPU = Debug|Any CPU
		Release|Any CPU = Release|Any CPU
	EndGlobalSection
	GlobalSection(ProjectConfigurationPlatforms) = postSolution
		{CFA56CDC-996C-4B78-9862-827689FD0986}.Debug|Any CPU.ActiveCfg = Debug|Any CPU
		{CFA56CDC-996C-4B78-9862-827689FD0986}.Debug|Any CPU.Build.0 = Debug|Any CPU
		{CFA56CDC-996C-4B78-9862-827689FD0986}.Release|Any CPU.ActiveCfg = Release|Any CPU
		{CFA56CDC-996C-4B78-9862-827689FD0986}.Release|Any CPU.Build.0 = Release|Any CPU
		{AB5C3502-D514-4695-9608-E24D206D23E7}.Debug|Any CPU.ActiveCfg = Debug|Any CPU
		{AB5C3502-D514-4695-9608-E24D206D23E7}.Debug|Any CPU.Build.0 = Debug|Any CPU
		{AB5C3502-D514-4695-9608-E24D206D23E7}.Release|Any CPU.ActiveCfg = Release|Any CPU
		{AB5C3502-D514-4695-9608-E24D206D23E7}.Release|Any CPU.Build.0 = Release|Any CPU
		{BC366075-4DE4-447A-9524-E2806D4616DD}.Debug|Any CPU.ActiveCfg = Debug|Any CPU
		{BC366075-4DE4-447A-9524-E2806D4616DD}.Debug|Any CPU.Build.0 = Debug|Any CPU
		{BC366075-4DE4-447A-9524-E2806D4616DD}.Release|Any CPU.ActiveCfg = Release|Any CPU
		{BC366075-4DE4-447A-9524-E2806D4616DD}.Release|Any CPU.Build.0 = Release|Any CPU
	EndGlobalSection
	GlobalSection(SolutionProperties) = preSolution
		HideSolutionNode = FALSE
	EndGlobalSection
EndGlobal
